<?xml version="1.0" encoding="utf-8"?>
<Project ToolsVersion="4.0" xmlns="http://schemas.microsoft.com/developer/msbuild/2003">
  <ItemGroup>
    <Filter Include="Source Files">
      <UniqueIdentifier>{4FC737F1-C7A5-4376-A066-2A32D752A2FF}</UniqueIdentifier>
      <Extensions>cpp;c;cc;cxx;def;odl;idl;hpj;bat;asm;asmx</Extensions>
    </Filter>
    <Filter Include="Header Files">
      <UniqueIdentifier>{93995380-89BD-4b04-88EB-625FBE52EBFB}</UniqueIdentifier>
      <Extensions>h;hpp;hxx;hm;inl;inc;xsd</Extensions>
    </Filter>
    <Filter Include="Resource Files">
      <UniqueIdentifier>{67DA6AB6-F800-4c08-8B7A-83BB121AAD01}</UniqueIdentifier>
      <Extensions>rc;ico;cur;bmp;dlg;rc2;rct;bin;rgs;gif;jpg;jpeg;jpe;resx;tiff;tif;png;wav</Extensions>
    </Filter>
    <Filter Include="Grid">
      <UniqueIdentifier>{d6b4531a-f28d-4566-9c30-a6ee2b9bf98a}</UniqueIdentifier>
    </Filter>
    <Filter Include="XlDataExtraction">
      <UniqueIdentifier>{09f9abba-3ab3-4171-88c4-88a8c17ca703}</UniqueIdentifier>
    </Filter>
    <Filter Include="GridTableCreator">
      <UniqueIdentifier>{46bf80c0-4248-4314-9c26-918dcd306bc0}</UniqueIdentifier>
    </Filter>
    <Filter Include="Extra Features">
      <UniqueIdentifier>{6ab58cc9-30b5-4a7d-828e-64c893055258}</UniqueIdentifier>
    </Filter>
    <Filter Include="ExcelFormat">
      <UniqueIdentifier>{c4a8563c-935d-4ff6-bab0-6b6d9838910a}</UniqueIdentifier>
    </Filter>
  </ItemGroup>
  <ItemGroup>
    <ClCompile Include="DeepikaProject.cpp">
      <Filter>Source Files</Filter>
    </ClCompile>
    <ClCompile Include="DeepikaProjectDoc.cpp">
      <Filter>Source Files</Filter>
    </ClCompile>
    <ClCompile Include="DeepikaProjectView.cpp">
      <Filter>Source Files</Filter>
    </ClCompile>
    <ClCompile Include="MainFrm.cpp">
      <Filter>Source Files</Filter>
    </ClCompile>
    <ClCompile Include="stdafx.cpp">
      <Filter>Source Files</Filter>
    </ClCompile>
    <ClCompile Include="Grid\GridCell.cpp">
      <Filter>Grid</Filter>
    </ClCompile>
    <ClCompile Include="Grid\GridCellBase.cpp">
      <Filter>Grid</Filter>
    </ClCompile>
    <ClCompile Include="Grid\GridCtrl.cpp">
      <Filter>Grid</Filter>
    </ClCompile>
    <ClCompile Include="Grid\GridDropTarget.cpp">
      <Filter>Grid</Filter>
    </ClCompile>
    <ClCompile Include="Grid\InPlaceEdit.cpp">
      <Filter>Grid</Filter>
    </ClCompile>
    <ClCompile Include="Grid\TitleTip.cpp">
      <Filter>Grid</Filter>
    </ClCompile>
    <ClCompile Include="ExcelDataExtraction.cpp">
      <Filter>XlDataExtraction</Filter>
    </ClCompile>
    <ClCompile Include="XLCellData.cpp">
      <Filter>XlDataExtraction</Filter>
    </ClCompile>
    <ClCompile Include="XLCellDataContainer.cpp">
      <Filter>XlDataExtraction</Filter>
    </ClCompile>
    <ClCompile Include="XLComparator.cpp">
      <Filter>XlDataExtraction</Filter>
    </ClCompile>
    <ClCompile Include="GridTableCompareView.cpp">
      <Filter>GridTableCreator</Filter>
    </ClCompile>
    <ClCompile Include="CEditDialogBox.cpp">
      <Filter>Extra Features</Filter>
    </ClCompile>
    <ClCompile Include="BasicExcel.cpp">
      <Filter>ExcelFormat</Filter>
    </ClCompile>
    <ClCompile Include="Examples.cpp">
      <Filter>ExcelFormat</Filter>
    </ClCompile>
    <ClCompile Include="ExcelFormat.cpp">
      <Filter>ExcelFormat</Filter>
    </ClCompile>
    <ClCompile Include="DataViewPair.cpp">
      <Filter>Source Files</Filter>
    </ClCompile>
  </ItemGroup>
  <ItemGroup>
    <ClInclude Include="DeepikaProject.h">
      <Filter>Header Files</Filter>
    </ClInclude>
    <ClInclude Include="DeepikaProjectDoc.h">
      <Filter>Header Files</Filter>
    </ClInclude>
    <ClInclude Include="DeepikaProjectView.h">
      <Filter>Header Files</Filter>
    </ClInclude>
    <ClInclude Include="InternalSmartPointer.h">
      <Filter>Header Files</Filter>
    </ClInclude>
    <ClInclude Include="MainFrm.h">
      <Filter>Header Files</Filter>
    </ClInclude>
    <ClInclude Include="Resource.h">
      <Filter>Header Files</Filter>
    </ClInclude>
    <ClInclude Include="stdafx.h">
      <Filter>Header Files</Filter>
    </ClInclude>
    <ClInclude Include="Grid\CellRange.h">
      <Filter>Grid</Filter>
    </ClInclude>
    <ClInclude Include="Grid\GridCell.h">
      <Filter>Grid</Filter>
    </ClInclude>
    <ClInclude Include="Grid\GridCellBase.h">
      <Filter>Grid</Filter>
    </ClInclude>
    <ClInclude Include="Grid\GridCtrl.h">
      <Filter>Grid</Filter>
    </ClInclude>
    <ClInclude Include="Grid\GridDropTarget.h">
      <Filter>Grid</Filter>
    </ClInclude>
    <ClInclude Include="Grid\InPlaceEdit.h">
      <Filter>Grid</Filter>
    </ClInclude>
    <ClInclude Include="Grid\MemDC.h">
      <Filter>Grid</Filter>
    </ClInclude>
    <ClInclude Include="Grid\TitleTip.h">
      <Filter>Grid</Filter>
    </ClInclude>
    <ClInclude Include="ExcelDataExtraction.h">
      <Filter>XlDataExtraction</Filter>
    </ClInclude>
    <ClInclude Include="XLCellData.h">
      <Filter>XlDataExtraction</Filter>
    </ClInclude>
    <ClInclude Include="XLCellDataContainer.h">
      <Filter>XlDataExtraction</Filter>
    </ClInclude>
    <ClInclude Include="XLCommonHeader.h">
      <Filter>XlDataExtraction</Filter>
    </ClInclude>
    <ClInclude Include="XLComparator.h">
      <Filter>XlDataExtraction</Filter>
    </ClInclude>
    <ClInclude Include="XLLCS.h">
      <Filter>XlDataExtraction</Filter>
    </ClInclude>
    <ClInclude Include="CommonHeader.h">
      <Filter>GridTableCreator</Filter>
    </ClInclude>
    <ClInclude Include="GridTableCompareView.h">
      <Filter>GridTableCreator</Filter>
    </ClInclude>
    <ClInclude Include="CEditDialogBox.h">
      <Filter>Extra Features</Filter>
    </ClInclude>
    <ClInclude Include="BasicExcel.hpp">
      <Filter>ExcelFormat</Filter>
    </ClInclude>
    <ClInclude Include="ExcelFormat.h">
      <Filter>ExcelFormat</Filter>
    </ClInclude>
    <ClInclude Include="DataViewPair.h">
      <Filter>Header Files</Filter>
    </ClInclude>
  </ItemGroup>
  <ItemGroup>
    <None Include="res\DeepikaProject.ico">
      <Filter>Resource Files</Filter>
    </None>
    <None Include="res\DeepikaProject.rc2">
      <Filter>Resource Files</Filter>
    </None>
    <None Include="res\DeepikaProjectDoc.ico">
      <Filter>Resource Files</Filter>
    </None>
    <None Include="res\Toolbar.bmp">
      <Filter>Resource Files</Filter>
    </None>
    <None Include="ReadMe.txt" />
    <None Include="res\toolbar1.bmp">
      <Filter>Resource Files</Filter>
    </None>
  </ItemGroup>
  <ItemGroup>
    <ResourceCompile Include="DeepikaProject.rc">
      <Filter>Resource Files</Filter>
    </ResourceCompile>
  </ItemGroup>
</Project>